// !$*UTF8*$!
{
	archiveVersion = 1;
	classes = {
	};
	objectVersion = 56;
	objects = {

/* Begin PBXBuildFile section */
		51DA0043296D942100A2DC48 /* DisplayMapViewController.swift in Sources */ = {isa = PBXBuildFile; fileRef = 51DA0041296D942100A2DC48 /* DisplayMapViewController.swift */; };
		51DA0044296D942100A2DC48 /* DisplayMapViewController.xib in Resources */ = {isa = PBXBuildFile; fileRef = 51DA0042296D942100A2DC48 /* DisplayMapViewController.xib */; };
		BD5EC6E12927B3A400682C17 /* AppDelegate.swift in Sources */ = {isa = PBXBuildFile; fileRef = BD5EC6E02927B3A400682C17 /* AppDelegate.swift */; };
		BD5EC6E52927B3A400682C17 /* ViewController.swift in Sources */ = {isa = PBXBuildFile; fileRef = BD5EC6E42927B3A400682C17 /* ViewController.swift */; };
		BD5EC6E82927B3A400682C17 /* Main.storyboard in Resources */ = {isa = PBXBuildFile; fileRef = BD5EC6E62927B3A400682C17 /* Main.storyboard */; };
		BD5EC6EA2927B3A600682C17 /* Assets.xcassets in Resources */ = {isa = PBXBuildFile; fileRef = BD5EC6E92927B3A600682C17 /* Assets.xcassets */; };
		BD5EC6ED2927B3A600682C17 /* LaunchScreen.storyboard in Resources */ = {isa = PBXBuildFile; fileRef = BD5EC6EB2927B3A600682C17 /* LaunchScreen.storyboard */; };
		BD5EC6F72927B43500682C17 /* MapViewController.swift in Sources */ = {isa = PBXBuildFile; fileRef = BD5EC6F52927B43500682C17 /* MapViewController.swift */; };
		BD5EC6F82927B43500682C17 /* MapViewController.xib in Resources */ = {isa = PBXBuildFile; fileRef = BD5EC6F62927B43500682C17 /* MapViewController.xib */; };
		BD79D93C2948BB00008A488D /* CustomAnnotationView.swift in Sources */ = {isa = PBXBuildFile; fileRef = BD79D93B2948BB00008A488D /* CustomAnnotationView.swift */; };
		BD8D3D4A292BBF6B009105E3 /* Location.gpx in Resources */ = {isa = PBXBuildFile; fileRef = BD8D3D49292BBF6B009105E3 /* Location.gpx */; };
/* End PBXBuildFile section */

/* Begin PBXFileReference section */
		51DA0041296D942100A2DC48 /* DisplayMapViewController.swift */ = {isa = PBXFileReference; lastKnownFileType = sourcecode.swift; path = DisplayMapViewController.swift; sourceTree = "<group>"; };
		51DA0042296D942100A2DC48 /* DisplayMapViewController.xib */ = {isa = PBXFileReference; lastKnownFileType = file.xib; path = DisplayMapViewController.xib; sourceTree = "<group>"; };
		BD5EC6DD2927B3A400682C17 /* KSMapView.app */ = {isa = PBXFileReference; explicitFileType = wrapper.application; includeInIndex = 0; path = KSMapView.app; sourceTree = BUILT_PRODUCTS_DIR; };
		BD5EC6E02927B3A400682C17 /* AppDelegate.swift */ = {isa = PBXFileReference; lastKnownFileType = sourcecode.swift; path = AppDelegate.swift; sourceTree = "<group>"; };
		BD5EC6E42927B3A400682C17 /* ViewController.swift */ = {isa = PBXFileReference; lastKnownFileType = sourcecode.swift; path = ViewController.swift; sourceTree = "<group>"; };
		BD5EC6E72927B3A400682C17 /* Base */ = {isa = PBXFileReference; lastKnownFileType = file.storyboard; name = Base; path = Base.lproj/Main.storyboard; sourceTree = "<group>"; };
		BD5EC6E92927B3A600682C17 /* Assets.xcassets */ = {isa = PBXFileReference; lastKnownFileType = folder.assetcatalog; path = Assets.xcassets; sourceTree = "<group>"; };
		BD5EC6EC2927B3A600682C17 /* Base */ = {isa = PBXFileReference; lastKnownFileType = file.storyboard; name = Base; path = Base.lproj/LaunchScreen.storyboard; sourceTree = "<group>"; };
		BD5EC6F52927B43500682C17 /* MapViewController.swift */ = {isa = PBXFileReference; lastKnownFileType = sourcecode.swift; path = MapViewController.swift; sourceTree = "<group>"; };
		BD5EC6F62927B43500682C17 /* MapViewController.xib */ = {isa = PBXFileReference; lastKnownFileType = file.xib; path = MapViewController.xib; sourceTree = "<group>"; };
		BD79D93B2948BB00008A488D /* CustomAnnotationView.swift */ = {isa = PBXFileReference; lastKnownFileType = sourcecode.swift; path = CustomAnnotationView.swift; sourceTree = "<group>"; };
		BD8D3D49292BBF6B009105E3 /* Location.gpx */ = {isa = PBXFileReference; lastKnownFileType = text.xml; path = Location.gpx; sourceTree = "<group>"; };
		C87484742A4B308900FB3B71 /* Info.plist */ = {isa = PBXFileReference; fileEncoding = 4; lastKnownFileType = text.plist.xml; path = Info.plist; sourceTree = "<group>"; };
/* End PBXFileReference section */

/* Begin PBXFrameworksBuildPhase section */
		BD5EC6DA2927B3A400682C17 /* Frameworks */ = {
			isa = PBXFrameworksBuildPhase;
			buildActionMask = 2147483647;
			files = (
			);
			runOnlyForDeploymentPostprocessing = 0;
		};
/* End PBXFrameworksBuildPhase section */

/* Begin PBXGroup section */
		BD5EC6D42927B3A400682C17 = {
			isa = PBXGroup;
			children = (
				BD8D3D49292BBF6B009105E3 /* Location.gpx */,
				BD5EC6DF2927B3A400682C17 /* KSMap */,
				BD5EC6DE2927B3A400682C17 /* Products */,
			);
			sourceTree = "<group>";
		};
		BD5EC6DE2927B3A400682C17 /* Products */ = {
			isa = PBXGroup;
			children = (
				BD5EC6DD2927B3A400682C17 /* KSMapView.app */,
			);
			name = Products;
			sourceTree = "<group>";
		};
		BD5EC6DF2927B3A400682C17 /* KSMap */ = {
			isa = PBXGroup;
			children = (
				BD5EC6E02927B3A400682C17 /* AppDelegate.swift */,
				BD79D93B2948BB00008A488D /* CustomAnnotationView.swift */,
				51DA0041296D942100A2DC48 /* DisplayMapViewController.swift */,
				51DA0042296D942100A2DC48 /* DisplayMapViewController.xib */,
				BD5EC6F42927B42000682C17 /* MapView */,
				BD5EC6E42927B3A400682C17 /* ViewController.swift */,
				BD5EC6E62927B3A400682C17 /* Main.storyboard */,
				BD5EC6E92927B3A600682C17 /* Assets.xcassets */,
				BD5EC6EB2927B3A600682C17 /* LaunchScreen.storyboard */,
				C87484742A4B308900FB3B71 /* Info.plist */,
			);
			path = KSMap;
			sourceTree = "<group>";
		};
		BD5EC6F42927B42000682C17 /* MapView */ = {
			isa = PBXGroup;
			children = (
				BD5EC6F52927B43500682C17 /* MapViewController.swift */,
				BD5EC6F62927B43500682C17 /* MapViewController.xib */,
			);
			path = MapView;
			sourceTree = "<group>";
		};
/* End PBXGroup section */

/* Begin PBXNativeTarget section */
		BD5EC6DC2927B3A400682C17 /* KSMapView */ = {
			isa = PBXNativeTarget;
			buildConfigurationList = BD5EC6F12927B3A600682C17 /* Build configuration list for PBXNativeTarget "KSMapView" */;
			buildPhases = (
				BD5EC6D92927B3A400682C17 /* Sources */,
				BD5EC6DA2927B3A400682C17 /* Frameworks */,
				BD5EC6DB2927B3A400682C17 /* Resources */,
			);
			buildRules = (
			);
			dependencies = (
			);
			name = KSMapView;
			packageProductDependencies = (
			);
			productName = TestMap;
			productReference = BD5EC6DD2927B3A400682C17 /* KSMapView.app */;
			productType = "com.apple.product-type.application";
		};
/* End PBXNativeTarget section */

/* Begin PBXProject section */
		BD5EC6D52927B3A400682C17 /* Project object */ = {
			isa = PBXProject;
			attributes = {
				BuildIndependentTargetsInParallel = 1;
				LastSwiftUpdateCheck = 1410;
				LastUpgradeCheck = 1410;
				TargetAttributes = {
					BD5EC6DC2927B3A400682C17 = {
						CreatedOnToolsVersion = 14.1;
					};
				};
			};
			buildConfigurationList = BD5EC6D82927B3A400682C17 /* Build configuration list for PBXProject "KSMapView" */;
			compatibilityVersion = "Xcode 14.0";
			developmentRegion = en;
			hasScannedForEncodings = 0;
			knownRegions = (
				en,
				Base,
			);
			mainGroup = BD5EC6D42927B3A400682C17;
			packageReferences = (
			);
			productRefGroup = BD5EC6DE2927B3A400682C17 /* Products */;
			projectDirPath = "";
			projectRoot = "";
			targets = (
				BD5EC6DC2927B3A400682C17 /* KSMapView */,
			);
		};
/* End PBXProject section */

/* Begin PBXResourcesBuildPhase section */
		BD5EC6DB2927B3A400682C17 /* Resources */ = {
			isa = PBXResourcesBuildPhase;
			buildActionMask = 2147483647;
			files = (
				BD5EC6ED2927B3A600682C17 /* LaunchScreen.storyboard in Resources */,
				BD5EC6EA2927B3A600682C17 /* Assets.xcassets in Resources */,
				51DA0044296D942100A2DC48 /* DisplayMapViewController.xib in Resources */,
				BD8D3D4A292BBF6B009105E3 /* Location.gpx in Resources */,
				BD5EC6E82927B3A400682C17 /* Main.storyboard in Resources */,
				BD5EC6F82927B43500682C17 /* MapViewController.xib in Resources */,
			);
			runOnlyForDeploymentPostprocessing = 0;
		};
/* End PBXResourcesBuildPhase section */

/* Begin PBXSourcesBuildPhase section */
		BD5EC6D92927B3A400682C17 /* Sources */ = {
			isa = PBXSourcesBuildPhase;
			buildActionMask = 2147483647;
			files = (
				BD5EC6E52927B3A400682C17 /* ViewController.swift in Sources */,
				51DA0043296D942100A2DC48 /* DisplayMapViewController.swift in Sources */,
				BD5EC6F72927B43500682C17 /* MapViewController.swift in Sources */,
				BD79D93C2948BB00008A488D /* CustomAnnotationView.swift in Sources */,
				BD5EC6E12927B3A400682C17 /* AppDelegate.swift in Sources */,
			);
			runOnlyForDeploymentPostprocessing = 0;
		};
/* End PBXSourcesBuildPhase section */

/* Begin PBXVariantGroup section */
		BD5EC6E62927B3A400682C17 /* Main.storyboard */ = {
			isa = PBXVariantGroup;
			children = (
				BD5EC6E72927B3A400682C17 /* Base */,
			);
			name = Main.storyboard;
			sourceTree = "<group>";
		};
		BD5EC6EB2927B3A600682C17 /* LaunchScreen.storyboard */ = {
			isa = PBXVariantGroup;
			children = (
				BD5EC6EC2927B3A600682C17 /* Base */,
			);
			name = LaunchScreen.storyboard;
			sourceTree = "<group>";
		};
/* End PBXVariantGroup section */

/* Begin XCBuildConfiguration section */
		BD5EC6EF2927B3A600682C17 /* Debug */ = {
			isa = XCBuildConfiguration;
			buildSettings = {
				ALWAYS_SEARCH_USER_PATHS = NO;
				CLANG_ANALYZER_NONNULL = YES;
				CLANG_ANALYZER_NUMBER_OBJECT_CONVERSION = YES_AGGRESSIVE;
				CLANG_CXX_LANGUAGE_STANDARD = "gnu++20";
				CLANG_ENABLE_MODULES = YES;
				CLANG_ENABLE_OBJC_ARC = YES;
				CLANG_ENABLE_OBJC_WEAK = YES;
				CLANG_WARN_BLOCK_CAPTURE_AUTORELEASING = YES;
				CLANG_WARN_BOOL_CONVERSION = YES;
				CLANG_WARN_COMMA = YES;
				CLANG_WARN_CONSTANT_CONVERSION = YES;
				CLANG_WARN_DEPRECATED_OBJC_IMPLEMENTATIONS = YES;
				CLANG_WARN_DIRECT_OBJC_ISA_USAGE = YES_ERROR;
				CLANG_WARN_DOCUMENTATION_COMMENTS = YES;
				CLANG_WARN_EMPTY_BODY = YES;
				CLANG_WARN_ENUM_CONVERSION = YES;
				CLANG_WARN_INFINITE_RECURSION = YES;
				CLANG_WARN_INT_CONVERSION = YES;
				CLANG_WARN_NON_LITERAL_NULL_CONVERSION = YES;
				CLANG_WARN_OBJC_IMPLICIT_RETAIN_SELF = YES;
				CLANG_WARN_OBJC_LITERAL_CONVERSION = YES;
				CLANG_WARN_OBJC_ROOT_CLASS = YES_ERROR;
				CLANG_WARN_QUOTED_INCLUDE_IN_FRAMEWORK_HEADER = YES;
				CLANG_WARN_RANGE_LOOP_ANALYSIS = YES;
				CLANG_WARN_STRICT_PROTOTYPES = YES;
				CLANG_WARN_SUSPICIOUS_MOVE = YES;
				CLANG_WARN_UNGUARDED_AVAILABILITY = YES_AGGRESSIVE;
				CLANG_WARN_UNREACHABLE_CODE = YES;
				CLANG_WARN__DUPLICATE_METHOD_MATCH = YES;
				COPY_PHASE_STRIP = NO;
				DEBUG_INFORMATION_FORMAT = dwarf;
				ENABLE_STRICT_OBJC_MSGSEND = YES;
				ENABLE_TESTABILITY = YES;
				GCC_C_LANGUAGE_STANDARD = gnu11;
				GCC_DYNAMIC_NO_PIC = NO;
				GCC_NO_COMMON_BLOCKS = YES;
				GCC_OPTIMIZATION_LEVEL = 0;
				GCC_PREPROCESSOR_DEFINITIONS = (
					"DEBUG=1",
					"$(inherited)",
				);
				GCC_WARN_64_TO_32_BIT_CONVERSION = YES;
				GCC_WARN_ABOUT_RETURN_TYPE = YES_ERROR;
				GCC_WARN_UNDECLARED_SELECTOR = YES;
				GCC_WARN_UNINITIALIZED_AUTOS = YES_AGGRESSIVE;
				GCC_WARN_UNUSED_FUNCTION = YES;
				GCC_WARN_UNUSED_VARIABLE = YES;
				IPHONEOS_DEPLOYMENT_TARGET = 12.0;
				MTL_ENABLE_DEBUG_INFO = INCLUDE_SOURCE;
				MTL_FAST_MATH = YES;
				ONLY_ACTIVE_ARCH = YES;
				SDKROOT = iphoneos;
				SWIFT_ACTIVE_COMPILATION_CONDITIONS = DEBUG;
				SWIFT_OPTIMIZATION_LEVEL = "-Onone";
			};
			name = Debug;
		};
		BD5EC6F02927B3A600682C17 /* Release */ = {
			isa = XCBuildConfiguration;
			buildSettings = {
				ALWAYS_SEARCH_USER_PATHS = NO;
				CLANG_ANALYZER_NONNULL = YES;
				CLANG_ANALYZER_NUMBER_OBJECT_CONVERSION = YES_AGGRESSIVE;
				CLANG_CXX_LANGUAGE_STANDARD = "gnu++20";
				CLANG_ENABLE_MODULES = YES;
				CLANG_ENABLE_OBJC_ARC = YES;
				CLANG_ENABLE_OBJC_WEAK = YES;
				CLANG_WARN_BLOCK_CAPTURE_AUTORELEASING = YES;
				CLANG_WARN_BOOL_CONVERSION = YES;
				CLANG_WARN_COMMA = YES;
				CLANG_WARN_CONSTANT_CONVERSION = YES;
				CLANG_WARN_DEPRECATED_OBJC_IMPLEMENTATIONS = YES;
				CLANG_WARN_DIRECT_OBJC_ISA_USAGE = YES_ERROR;
				CLANG_WARN_DOCUMENTATION_COMMENTS = YES;
				CLANG_WARN_EMPTY_BODY = YES;
				CLANG_WARN_ENUM_CONVERSION = YES;
				CLANG_WARN_INFINITE_RECURSION = YES;
				CLANG_WARN_INT_CONVERSION = YES;
				CLANG_WARN_NON_LITERAL_NULL_CONVERSION = YES;
				CLANG_WARN_OBJC_IMPLICIT_RETAIN_SELF = YES;
				CLANG_WARN_OBJC_LITERAL_CONVERSION = YES;
				CLANG_WARN_OBJC_ROOT_CLASS = YES_ERROR;
				CLANG_WARN_QUOTED_INCLUDE_IN_FRAMEWORK_HEADER = YES;
				CLANG_WARN_RANGE_LOOP_ANALYSIS = YES;
				CLANG_WARN_STRICT_PROTOTYPES = YES;
				CLANG_WARN_SUSPICIOUS_MOVE = YES;
				CLANG_WARN_UNGUARDED_AVAILABILITY = YES_AGGRESSIVE;
				CLANG_WARN_UNREACHABLE_CODE = YES;
				CLANG_WARN__DUPLICATE_METHOD_MATCH = YES;
				COPY_PHASE_STRIP = NO;
				DEBUG_INFORMATION_FORMAT = "dwarf-with-dsym";
				ENABLE_NS_ASSERTIONS = NO;
				ENABLE_STRICT_OBJC_MSGSEND = YES;
				GCC_C_LANGUAGE_STANDARD = gnu11;
				GCC_NO_COMMON_BLOCKS = YES;
				GCC_WARN_64_TO_32_BIT_CONVERSION = YES;
				GCC_WARN_ABOUT_RETURN_TYPE = YES_ERROR;
				GCC_WARN_UNDECLARED_SELECTOR = YES;
				GCC_WARN_UNINITIALIZED_AUTOS = YES_AGGRESSIVE;
				GCC_WARN_UNUSED_FUNCTION = YES;
				GCC_WARN_UNUSED_VARIABLE = YES;
				IPHONEOS_DEPLOYMENT_TARGET = 12.0;
				MTL_ENABLE_DEBUG_INFO = NO;
				MTL_FAST_MATH = YES;
				SDKROOT = iphoneos;
				SWIFT_COMPILATION_MODE = wholemodule;
				SWIFT_OPTIMIZATION_LEVEL = "-O";
				VALIDATE_PRODUCT = YES;
			};
			name = Release;
		};
		BD5EC6F22927B3A600682C17 /* Debug */ = {
			isa = XCBuildConfiguration;
			buildSettings = {
				ASSETCATALOG_COMPILER_APPICON_NAME = AppIcon;
				ASSETCATALOG_COMPILER_GLOBAL_ACCENT_COLOR_NAME = AccentColor;
				CODE_SIGN_STYLE = Automatic;
				CURRENT_PROJECT_VERSION = 1;
				GENERATE_INFOPLIST_FILE = YES;
				INFOPLIST_FILE = KSMap/Info.plist;
				INFOPLIST_KEY_CFBundleDisplayName = KSMap;
				INFOPLIST_KEY_UIApplicationSupportsIndirectInputEvents = YES;
				INFOPLIST_KEY_UILaunchStoryboardName = LaunchScreen;
				INFOPLIST_KEY_UIMainStoryboardFile = Main;
				INFOPLIST_KEY_UISupportedInterfaceOrientations_iPad = "UIInterfaceOrientationPortrait UIInterfaceOrientationPortraitUpsideDown UIInterfaceOrientationLandscapeLeft UIInterfaceOrientationLandscapeRight";
				INFOPLIST_KEY_UISupportedInterfaceOrientations_iPhone = "UIInterfaceOrientationPortrait UIInterfaceOrientationLandscapeLeft UIInterfaceOrientationLandscapeRight";
				IPHONEOS_DEPLOYMENT_TARGET = 12.0;
				LD_RUNPATH_SEARCH_PATHS = (
					"$(inherited)",
					"@executable_path/Frameworks",
				);
				MARKETING_VERSION = 1.0;
				PRODUCT_BUNDLE_IDENTIFIER = KS.KSMap;
				PRODUCT_NAME = "$(TARGET_NAME)";
				SWIFT_EMIT_LOC_STRINGS = YES;
				SWIFT_VERSION = 5.0;
				TARGETED_DEVICE_FAMILY = "1,2";
			};
			name = Debug;
		};
		BD5EC6F32927B3A600682C17 /* Release */ = {
			isa = XCBuildConfiguration;
			buildSettings = {
				ASSETCATALOG_COMPILER_APPICON_NAME = AppIcon;
				ASSETCATALOG_COMPILER_GLOBAL_ACCENT_COLOR_NAME = AccentColor;
				CODE_SIGN_STYLE = Automatic;
				CURRENT_PROJECT_VERSION = 1;
				GENERATE_INFOPLIST_FILE = YES;
				INFOPLIST_FILE = KSMap/Info.plist;
				INFOPLIST_KEY_CFBundleDisplayName = KSMap;
				INFOPLIST_KEY_UIApplicationSupportsIndirectInputEvents = YES;
				INFOPLIST_KEY_UILaunchStoryboardName = LaunchScreen;
				INFOPLIST_KEY_UIMainStoryboardFile = Main;
				INFOPLIST_KEY_UISupportedInterfaceOrientations_iPad = "UIInterfaceOrientationPortrait UIInterfaceOrientationPortraitUpsideDown UIInterfaceOrientationLandscapeLeft UIInterfaceOrientationLandscapeRight";
				INFOPLIST_KEY_UISupportedInterfaceOrientations_iPhone = "UIInterfaceOrientationPortrait UIInterfaceOrientationLandscapeLeft UIInterfaceOrientationLandscapeRight";
				IPHONEOS_DEPLOYMENT_TARGET = 12.0;
				LD_RUNPATH_SEARCH_PATHS = (
					"$(inherited)",
					"@executable_path/Frameworks",
				);
				MARKETING_VERSION = 1.0;
				PRODUCT_BUNDLE_IDENTIFIER = KS.KSMap;
				PRODUCT_NAME = "$(TARGET_NAME)";
				SWIFT_EMIT_LOC_STRINGS = YES;
				SWIFT_VERSION = 5.0;
				TARGETED_DEVICE_FAMILY = "1,2";
			};
			name = Release;
		};
/* End XCBuildConfiguration section */

/* Begin XCConfigurationList section */
		BD5EC6D82927B3A400682C17 /* Build configuration list for PBXProject "KSMapView" */ = {
			isa = XCConfigurationList;
			buildConfigurations = (
				BD5EC6EF2927B3A600682C17 /* Debug */,
				BD5EC6F02927B3A600682C17 /* Release */,
			);
			defaultConfigurationIsVisible = 0;
			defaultConfigurationName = Release;
		};
		BD5EC6F12927B3A600682C17 /* Build configuration list for PBXNativeTarget "KSMapView" */ = {
			isa = XCConfigurationList;
			buildConfigurations = (
				BD5EC6F22927B3A600682C17 /* Debug */,
				BD5EC6F32927B3A600682C17 /* Release */,
			);
			defaultConfigurationIsVisible = 0;
			defaultConfigurationName = Release;
		};
/* End XCConfigurationList section */
	};
	rootObject = BD5EC6D52927B3A400682C17 /* Project object */;
}
